// !$*UTF8*$!
{
	archiveVersion = 1;
	classes = {
	};
	objectVersion = 55;
	objects = {

/* Begin PBXBuildFile section */
		AF01A03A284150D800715AF5 /* RestaurantDetailViewController.swift in Sources */ = {isa = PBXBuildFile; fileRef = AF01A039284150D800715AF5 /* RestaurantDetailViewController.swift */; };
		AF08847B28398D860006AD17 /* RestaurantTableViewCell.swift in Sources */ = {isa = PBXBuildFile; fileRef = AF08847A28398D850006AD17 /* RestaurantTableViewCell.swift */; };
		AF08847D283C42CA0006AD17 /* Restaurant.swift in Sources */ = {isa = PBXBuildFile; fileRef = AF08847C283C42C90006AD17 /* Restaurant.swift */; };
		AF088483283C9AE50006AD17 /* RestaurantDiffableDataSource.swift in Sources */ = {isa = PBXBuildFile; fileRef = AF088482283C9AE50006AD17 /* RestaurantDiffableDataSource.swift */; };
		AFAEBEF92838B5560034AFFE /* AppDelegate.swift in Sources */ = {isa = PBXBuildFile; fileRef = AFAEBEF82838B5560034AFFE /* AppDelegate.swift */; };
		AFAEBEFB2838B5560034AFFE /* SceneDelegate.swift in Sources */ = {isa = PBXBuildFile; fileRef = AFAEBEFA2838B5560034AFFE /* SceneDelegate.swift */; };
		AFAEBF002838B5560034AFFE /* Main.storyboard in Resources */ = {isa = PBXBuildFile; fileRef = AFAEBEFE2838B5560034AFFE /* Main.storyboard */; };
		AFAEBF022838B5630034AFFE /* Assets.xcassets in Resources */ = {isa = PBXBuildFile; fileRef = AFAEBF012838B5630034AFFE /* Assets.xcassets */; };
		AFAEBF052838B5630034AFFE /* LaunchScreen.storyboard in Resources */ = {isa = PBXBuildFile; fileRef = AFAEBF032838B5630034AFFE /* LaunchScreen.storyboard */; };
		AFAEBF0D2838B7580034AFFE /* RestaurantTableViewController.swift in Sources */ = {isa = PBXBuildFile; fileRef = AFAEBF0C2838B7580034AFFE /* RestaurantTableViewController.swift */; };
/* End PBXBuildFile section */

/* Begin PBXFileReference section */
		AF01A039284150D800715AF5 /* RestaurantDetailViewController.swift */ = {isa = PBXFileReference; lastKnownFileType = sourcecode.swift; path = RestaurantDetailViewController.swift; sourceTree = "<group>"; };
		AF08847A28398D850006AD17 /* RestaurantTableViewCell.swift */ = {isa = PBXFileReference; lastKnownFileType = sourcecode.swift; path = RestaurantTableViewCell.swift; sourceTree = "<group>"; };
		AF08847C283C42C90006AD17 /* Restaurant.swift */ = {isa = PBXFileReference; lastKnownFileType = sourcecode.swift; path = Restaurant.swift; sourceTree = "<group>"; };
		AF088482283C9AE50006AD17 /* RestaurantDiffableDataSource.swift */ = {isa = PBXFileReference; lastKnownFileType = sourcecode.swift; path = RestaurantDiffableDataSource.swift; sourceTree = "<group>"; };
		AFAEBEF52838B5560034AFFE /* RestaurantPin.app */ = {isa = PBXFileReference; explicitFileType = wrapper.application; includeInIndex = 0; path = RestaurantPin.app; sourceTree = BUILT_PRODUCTS_DIR; };
		AFAEBEF82838B5560034AFFE /* AppDelegate.swift */ = {isa = PBXFileReference; lastKnownFileType = sourcecode.swift; path = AppDelegate.swift; sourceTree = "<group>"; };
		AFAEBEFA2838B5560034AFFE /* SceneDelegate.swift */ = {isa = PBXFileReference; lastKnownFileType = sourcecode.swift; path = SceneDelegate.swift; sourceTree = "<group>"; };
		AFAEBEFF2838B5560034AFFE /* Base */ = {isa = PBXFileReference; lastKnownFileType = file.storyboard; name = Base; path = Base.lproj/Main.storyboard; sourceTree = "<group>"; };
		AFAEBF012838B5630034AFFE /* Assets.xcassets */ = {isa = PBXFileReference; lastKnownFileType = folder.assetcatalog; path = Assets.xcassets; sourceTree = "<group>"; };
		AFAEBF042838B5630034AFFE /* Base */ = {isa = PBXFileReference; lastKnownFileType = file.storyboard; name = Base; path = Base.lproj/LaunchScreen.storyboard; sourceTree = "<group>"; };
		AFAEBF062838B5630034AFFE /* Info.plist */ = {isa = PBXFileReference; lastKnownFileType = text.plist.xml; path = Info.plist; sourceTree = "<group>"; };
		AFAEBF0C2838B7580034AFFE /* RestaurantTableViewController.swift */ = {isa = PBXFileReference; lastKnownFileType = sourcecode.swift; path = RestaurantTableViewController.swift; sourceTree = "<group>"; };
/* End PBXFileReference section */

/* Begin PBXFrameworksBuildPhase section */
		AFAEBEF22838B5560034AFFE /* Frameworks */ = {
			isa = PBXFrameworksBuildPhase;
			buildActionMask = 2147483647;
			files = (
			);
			runOnlyForDeploymentPostprocessing = 0;
		};
/* End PBXFrameworksBuildPhase section */

/* Begin PBXGroup section */
		AF08847E283C5A7D0006AD17 /* Controller */ = {
			isa = PBXGroup;
			children = (
				AFAEBF0C2838B7580034AFFE /* RestaurantTableViewController.swift */,
				AF01A039284150D800715AF5 /* RestaurantDetailViewController.swift */,
			);
			path = Controller;
			sourceTree = "<group>";
		};
		AF08847F283C5A8C0006AD17 /* View */ = {
			isa = PBXGroup;
			children = (
				AF08847A28398D850006AD17 /* RestaurantTableViewCell.swift */,
			);
			path = View;
			sourceTree = "<group>";
		};
		AF088480283C5A930006AD17 /* Model */ = {
			isa = PBXGroup;
			children = (
				AF08847C283C42C90006AD17 /* Restaurant.swift */,
				AF088482283C9AE50006AD17 /* RestaurantDiffableDataSource.swift */,
			);
			path = Model;
			sourceTree = "<group>";
		};
		AF088481283C5AD30006AD17 /* Storyboard */ = {
			isa = PBXGroup;
			children = (
				AFAEBEFE2838B5560034AFFE /* Main.storyboard */,
				AFAEBF032838B5630034AFFE /* LaunchScreen.storyboard */,
			);
			path = Storyboard;
			sourceTree = "<group>";
		};
		AFAEBEEC2838B5560034AFFE = {
			isa = PBXGroup;
			children = (
				AFAEBEF72838B5560034AFFE /* RestaurantPin */,
				AFAEBEF62838B5560034AFFE /* Products */,
			);
			sourceTree = "<group>";
		};
		AFAEBEF62838B5560034AFFE /* Products */ = {
			isa = PBXGroup;
			children = (
				AFAEBEF52838B5560034AFFE /* RestaurantPin.app */,
			);
			name = Products;
			sourceTree = "<group>";
		};
		AFAEBEF72838B5560034AFFE /* RestaurantPin */ = {
			isa = PBXGroup;
			children = (
				AF088481283C5AD30006AD17 /* Storyboard */,
				AF088480283C5A930006AD17 /* Model */,
				AF08847F283C5A8C0006AD17 /* View */,
				AF08847E283C5A7D0006AD17 /* Controller */,
				AFAEBEF82838B5560034AFFE /* AppDelegate.swift */,
				AFAEBEFA2838B5560034AFFE /* SceneDelegate.swift */,
				AFAEBF012838B5630034AFFE /* Assets.xcassets */,
				AFAEBF062838B5630034AFFE /* Info.plist */,
			);
			path = RestaurantPin;
			sourceTree = "<group>";
		};
/* End PBXGroup section */

/* Begin PBXNativeTarget section */
		AFAEBEF42838B5560034AFFE /* RestaurantPin */ = {
			isa = PBXNativeTarget;
			buildConfigurationList = AFAEBF092838B5630034AFFE /* Build configuration list for PBXNativeTarget "RestaurantPin" */;
			buildPhases = (
				AFAEBEF12838B5560034AFFE /* Sources */,
				AFAEBEF22838B5560034AFFE /* Frameworks */,
				AFAEBEF32838B5560034AFFE /* Resources */,
			);
			buildRules = (
			);
			dependencies = (
			);
			name = RestaurantPin;
			productName = RestaurantPin;
			productReference = AFAEBEF52838B5560034AFFE /* RestaurantPin.app */;
			productType = "com.apple.product-type.application";
		};
/* End PBXNativeTarget section */

/* Begin PBXProject section */
		AFAEBEED2838B5560034AFFE /* Project object */ = {
			isa = PBXProject;
			attributes = {
				BuildIndependentTargetsInParallel = 1;
				LastSwiftUpdateCheck = 1340;
				LastUpgradeCheck = 1340;
				TargetAttributes = {
					AFAEBEF42838B5560034AFFE = {
						CreatedOnToolsVersion = 13.4;
					};
				};
			};
			buildConfigurationList = AFAEBEF02838B5560034AFFE /* Build configuration list for PBXProject "RestaurantPin" */;
			compatibilityVersion = "Xcode 13.0";
			developmentRegion = en;
			hasScannedForEncodings = 0;
			knownRegions = (
				en,
				Base,
			);
			mainGroup = AFAEBEEC2838B5560034AFFE;
			productRefGroup = AFAEBEF62838B5560034AFFE /* Products */;
			projectDirPath = "";
			projectRoot = "";
			targets = (
				AFAEBEF42838B5560034AFFE /* RestaurantPin */,
			);
		};
/* End PBXProject section */

/* Begin PBXResourcesBuildPhase section */
		AFAEBEF32838B5560034AFFE /* Resources */ = {
			isa = PBXResourcesBuildPhase;
			buildActionMask = 2147483647;
			files = (
				AFAEBF052838B5630034AFFE /* LaunchScreen.storyboard in Resources */,
				AFAEBF022838B5630034AFFE /* Assets.xcassets in Resources */,
				AFAEBF002838B5560034AFFE /* Main.storyboard in Resources */,
			);
			runOnlyForDeploymentPostprocessing = 0;
		};
/* End PBXResourcesBuildPhase section */

/* Begin PBXSourcesBuildPhase section */
		AFAEBEF12838B5560034AFFE /* Sources */ = {
			isa = PBXSourcesBuildPhase;
			buildActionMask = 2147483647;
			files = (
				AF08847D283C42CA0006AD17 /* Restaurant.swift in Sources */,
				AF08847B28398D860006AD17 /* RestaurantTableViewCell.swift in Sources */,
				AFAEBEF92838B5560034AFFE /* AppDelegate.swift in Sources */,
				AFAEBEFB2838B5560034AFFE /* SceneDelegate.swift in Sources */,
				AF088483283C9AE50006AD17 /* RestaurantDiffableDataSource.swift in Sources */,
				AF01A03A284150D800715AF5 /* RestaurantDetailViewController.swift in Sources */,
				AFAEBF0D2838B7580034AFFE /* RestaurantTableViewController.swift in Sources */,
			);
			runOnlyForDeploymentPostprocessing = 0;
		};
/* End PBXSourcesBuildPhase section */

/* Begin PBXVariantGroup section */
		AFAEBEFE2838B5560034AFFE /* Main.storyboard */ = {
			isa = PBXVariantGroup;
			children = (
				AFAEBEFF2838B5560034AFFE /* Base */,
			);
			name = Main.storyboard;
			sourceTree = "<group>";
		};
		AFAEBF032838B5630034AFFE /* LaunchScreen.storyboard */ = {
			isa = PBXVariantGroup;
			children = (
				AFAEBF042838B5630034AFFE /* Base */,
			);
			name = LaunchScreen.storyboard;
			sourceTree = "<group>";
		};
/* End PBXVariantGroup section */

/* Begin XCBuildConfiguration section */
		AFAEBF072838B5630034AFFE /* Debug */ = {
			isa = XCBuildConfiguration;
			buildSettings = {
				ALWAYS_SEARCH_USER_PATHS = NO;
				CLANG_ANALYZER_NONNULL = YES;
				CLANG_ANALYZER_NUMBER_OBJECT_CONVERSION = YES_AGGRESSIVE;
				CLANG_CXX_LANGUAGE_STANDARD = "gnu++17";
				CLANG_ENABLE_MODULES = YES;
				CLANG_ENABLE_OBJC_ARC = YES;
				CLANG_ENABLE_OBJC_WEAK = YES;
				CLANG_WARN_BLOCK_CAPTURE_AUTORELEASING = YES;
				CLANG_WARN_BOOL_CONVERSION = YES;
				CLANG_WARN_COMMA = YES;
				CLANG_WARN_CONSTANT_CONVERSION = YES;
				CLANG_WARN_DEPRECATED_OBJC_IMPLEMENTATIONS = YES;
				CLANG_WARN_DIRECT_OBJC_ISA_USAGE = YES_ERROR;
				CLANG_WARN_DOCUMENTATION_COMMENTS = YES;
				CLANG_WARN_EMPTY_BODY = YES;
				CLANG_WARN_ENUM_CONVERSION = YES;
				CLANG_WARN_INFINITE_RECURSION = YES;
				CLANG_WARN_INT_CONVERSION = YES;
				CLANG_WARN_NON_LITERAL_NULL_CONVERSION = YES;
				CLANG_WARN_OBJC_IMPLICIT_RETAIN_SELF = YES;
				CLANG_WARN_OBJC_LITERAL_CONVERSION = YES;
				CLANG_WARN_OBJC_ROOT_CLASS = YES_ERROR;
				CLANG_WARN_QUOTED_INCLUDE_IN_FRAMEWORK_HEADER = YES;
				CLANG_WARN_RANGE_LOOP_ANALYSIS = YES;
				CLANG_WARN_STRICT_PROTOTYPES = YES;
				CLANG_WARN_SUSPICIOUS_MOVE = YES;
				CLANG_WARN_UNGUARDED_AVAILABILITY = YES_AGGRESSIVE;
				CLANG_WARN_UNREACHABLE_CODE = YES;
				CLANG_WARN__DUPLICATE_METHOD_MATCH = YES;
				COPY_PHASE_STRIP = NO;
				DEBUG_INFORMATION_FORMAT = dwarf;
				ENABLE_STRICT_OBJC_MSGSEND = YES;
				ENABLE_TESTABILITY = YES;
				GCC_C_LANGUAGE_STANDARD = gnu11;
				GCC_DYNAMIC_NO_PIC = NO;
				GCC_NO_COMMON_BLOCKS = YES;
				GCC_OPTIMIZATION_LEVEL = 0;
				GCC_PREPROCESSOR_DEFINITIONS = (
					"DEBUG=1",
					"$(inherited)",
				);
				GCC_WARN_64_TO_32_BIT_CONVERSION = YES;
				GCC_WARN_ABOUT_RETURN_TYPE = YES_ERROR;
				GCC_WARN_UNDECLARED_SELECTOR = YES;
				GCC_WARN_UNINITIALIZED_AUTOS = YES_AGGRESSIVE;
				GCC_WARN_UNUSED_FUNCTION = YES;
				GCC_WARN_UNUSED_VARIABLE = YES;
				IPHONEOS_DEPLOYMENT_TARGET = 15.5;
				MTL_ENABLE_DEBUG_INFO = INCLUDE_SOURCE;
				MTL_FAST_MATH = YES;
				ONLY_ACTIVE_ARCH = YES;
				SDKROOT = iphoneos;
				SWIFT_ACTIVE_COMPILATION_CONDITIONS = DEBUG;
				SWIFT_OPTIMIZATION_LEVEL = "-Onone";
			};
			name = Debug;
		};
		AFAEBF082838B5630034AFFE /* Release */ = {
			isa = XCBuildConfiguration;
			buildSettings = {
				ALWAYS_SEARCH_USER_PATHS = NO;
				CLANG_ANALYZER_NONNULL = YES;
				CLANG_ANALYZER_NUMBER_OBJECT_CONVERSION = YES_AGGRESSIVE;
				CLANG_CXX_LANGUAGE_STANDARD = "gnu++17";
				CLANG_ENABLE_MODULES = YES;
				CLANG_ENABLE_OBJC_ARC = YES;
				CLANG_ENABLE_OBJC_WEAK = YES;
				CLANG_WARN_BLOCK_CAPTURE_AUTORELEASING = YES;
				CLANG_WARN_BOOL_CONVERSION = YES;
				CLANG_WARN_COMMA = YES;
				CLANG_WARN_CONSTANT_CONVERSION = YES;
				CLANG_WARN_DEPRECATED_OBJC_IMPLEMENTATIONS = YES;
				CLANG_WARN_DIRECT_OBJC_ISA_USAGE = YES_ERROR;
				CLANG_WARN_DOCUMENTATION_COMMENTS = YES;
				CLANG_WARN_EMPTY_BODY = YES;
				CLANG_WARN_ENUM_CONVERSION = YES;
				CLANG_WARN_INFINITE_RECURSION = YES;
				CLANG_WARN_INT_CONVERSION = YES;
				CLANG_WARN_NON_LITERAL_NULL_CONVERSION = YES;
				CLANG_WARN_OBJC_IMPLICIT_RETAIN_SELF = YES;
				CLANG_WARN_OBJC_LITERAL_CONVERSION = YES;
				CLANG_WARN_OBJC_ROOT_CLASS = YES_ERROR;
				CLANG_WARN_QUOTED_INCLUDE_IN_FRAMEWORK_HEADER = YES;
				CLANG_WARN_RANGE_LOOP_ANALYSIS = YES;
				CLANG_WARN_STRICT_PROTOTYPES = YES;
				CLANG_WARN_SUSPICIOUS_MOVE = YES;
				CLANG_WARN_UNGUARDED_AVAILABILITY = YES_AGGRESSIVE;
				CLANG_WARN_UNREACHABLE_CODE = YES;
				CLANG_WARN__DUPLICATE_METHOD_MATCH = YES;
				COPY_PHASE_STRIP = NO;
				DEBUG_INFORMATION_FORMAT = "dwarf-with-dsym";
				ENABLE_NS_ASSERTIONS = NO;
				ENABLE_STRICT_OBJC_MSGSEND = YES;
				GCC_C_LANGUAGE_STANDARD = gnu11;
				GCC_NO_COMMON_BLOCKS = YES;
				GCC_WARN_64_TO_32_BIT_CONVERSION = YES;
				GCC_WARN_ABOUT_RETURN_TYPE = YES_ERROR;
				GCC_WARN_UNDECLARED_SELECTOR = YES;
				GCC_WARN_UNINITIALIZED_AUTOS = YES_AGGRESSIVE;
				GCC_WARN_UNUSED_FUNCTION = YES;
				GCC_WARN_UNUSED_VARIABLE = YES;
				IPHONEOS_DEPLOYMENT_TARGET = 15.5;
				MTL_ENABLE_DEBUG_INFO = NO;
				MTL_FAST_MATH = YES;
				SDKROOT = iphoneos;
				SWIFT_COMPILATION_MODE = wholemodule;
				SWIFT_OPTIMIZATION_LEVEL = "-O";
				VALIDATE_PRODUCT = YES;
			};
			name = Release;
		};
		AFAEBF0A2838B5630034AFFE /* Debug */ = {
			isa = XCBuildConfiguration;
			buildSettings = {
				ASSETCATALOG_COMPILER_APPICON_NAME = AppIcon;
				ASSETCATALOG_COMPILER_GLOBAL_ACCENT_COLOR_NAME = AccentColor;
				CODE_SIGN_STYLE = Automatic;
				CURRENT_PROJECT_VERSION = 1;
				GENERATE_INFOPLIST_FILE = YES;
				INFOPLIST_FILE = RestaurantPin/Info.plist;
				INFOPLIST_KEY_UIApplicationSupportsIndirectInputEvents = YES;
				INFOPLIST_KEY_UILaunchStoryboardName = LaunchScreen;
				INFOPLIST_KEY_UIMainStoryboardFile = Main;
				INFOPLIST_KEY_UISupportedInterfaceOrientations_iPad = "UIInterfaceOrientationPortrait UIInterfaceOrientationPortraitUpsideDown UIInterfaceOrientationLandscapeLeft UIInterfaceOrientationLandscapeRight";
				INFOPLIST_KEY_UISupportedInterfaceOrientations_iPhone = "UIInterfaceOrientationPortrait UIInterfaceOrientationLandscapeLeft UIInterfaceOrientationLandscapeRight";
				LD_RUNPATH_SEARCH_PATHS = (
					"$(inherited)",
					"@executable_path/Frameworks",
				);
				MARKETING_VERSION = 1.0;
				PRODUCT_BUNDLE_IDENTIFIER = com.kasrus.RestaurantPin;
				PRODUCT_NAME = "$(TARGET_NAME)";
				SWIFT_EMIT_LOC_STRINGS = YES;
				SWIFT_VERSION = 5.0;
				TARGETED_DEVICE_FAMILY = "1,2";
			};
			name = Debug;
		};
		AFAEBF0B2838B5630034AFFE /* Release */ = {
			isa = XCBuildConfiguration;
			buildSettings = {
				ASSETCATALOG_COMPILER_APPICON_NAME = AppIcon;
				ASSETCATALOG_COMPILER_GLOBAL_ACCENT_COLOR_NAME = AccentColor;
				CODE_SIGN_STYLE = Automatic;
				CURRENT_PROJECT_VERSION = 1;
				GENERATE_INFOPLIST_FILE = YES;
				INFOPLIST_FILE = RestaurantPin/Info.plist;
				INFOPLIST_KEY_UIApplicationSupportsIndirectInputEvents = YES;
				INFOPLIST_KEY_UILaunchStoryboardName = LaunchScreen;
				INFOPLIST_KEY_UIMainStoryboardFile = Main;
				INFOPLIST_KEY_UISupportedInterfaceOrientations_iPad = "UIInterfaceOrientationPortrait UIInterfaceOrientationPortraitUpsideDown UIInterfaceOrientationLandscapeLeft UIInterfaceOrientationLandscapeRight";
				INFOPLIST_KEY_UISupportedInterfaceOrientations_iPhone = "UIInterfaceOrientationPortrait UIInterfaceOrientationLandscapeLeft UIInterfaceOrientationLandscapeRight";
				LD_RUNPATH_SEARCH_PATHS = (
					"$(inherited)",
					"@executable_path/Frameworks",
				);
				MARKETING_VERSION = 1.0;
				PRODUCT_BUNDLE_IDENTIFIER = com.kasrus.RestaurantPin;
				PRODUCT_NAME = "$(TARGET_NAME)";
				SWIFT_EMIT_LOC_STRINGS = YES;
				SWIFT_VERSION = 5.0;
				TARGETED_DEVICE_FAMILY = "1,2";
			};
			name = Release;
		};
/* End XCBuildConfiguration section */

/* Begin XCConfigurationList section */
		AFAEBEF02838B5560034AFFE /* Build configuration list for PBXProject "RestaurantPin" */ = {
			isa = XCConfigurationList;
			buildConfigurations = (
				AFAEBF072838B5630034AFFE /* Debug */,
				AFAEBF082838B5630034AFFE /* Release */,
			);
			defaultConfigurationIsVisible = 0;
			defaultConfigurationName = Release;
		};
		AFAEBF092838B5630034AFFE /* Build configuration list for PBXNativeTarget "RestaurantPin" */ = {
			isa = XCConfigurationList;
			buildConfigurations = (
				AFAEBF0A2838B5630034AFFE /* Debug */,
				AFAEBF0B2838B5630034AFFE /* Release */,
			);
			defaultConfigurationIsVisible = 0;
			defaultConfigurationName = Release;
		};
/* End XCConfigurationList section */
	};
	rootObject = AFAEBEED2838B5560034AFFE /* Project object */;
}
